
Microsoft Visual Studio Solution File, Format Version 12.00
# Visual Studio 2012
Project("{FAE04EC0-301F-11D3-BF4B-00C04F79EFBC}") = "HybridView", "HybridView\HybridView.csproj", "{2D92C316-6C80-4C45-8980-1894957EAA49}"
EndProject
Project("{FAE04EC0-301F-11D3-BF4B-00C04F79EFBC}") = "HybridView.iOS", "iOS\HybridView.iOS.csproj", "{6CD1E6E7-2796-4E17-B169-86CBDCA9A4AB}"
EndProject
Project("{FAE04EC0-301F-11D3-BF4B-00C04F79EFBC}") = "HybridView.Droid", "Droid\HybridView.Droid.csproj", "{C66B7FDA-A02A-4B76-873F-115769F26D2A}"
EndProject
Global
	GlobalSection(SolutionConfigurationPlatforms) = preSolution
		Debug|Any CPU = Debug|Any CPU
		Release|Any CPU = Release|Any CPU
		Debug|iPhoneSimulator = Debug|iPhoneSimulator
		Release|iPhone = Release|iPhone
		Release|iPhoneSimulator = Release|iPhoneSimulator
		Debug|iPhone = Debug|iPhone
	EndGlobalSection
	GlobalSection(ProjectConfigurationPlatforms) = postSolution
		{2D92C316-6C80-4C45-8980-1894957EAA49}.Debug|Any CPU.ActiveCfg = Debug|Any CPU
		{2D92C316-6C80-4C45-8980-1894957EAA49}.Debug|Any CPU.Build.0 = Debug|Any CPU
		{2D92C316-6C80-4C45-8980-1894957EAA49}.Release|Any CPU.ActiveCfg = Release|Any CPU
		{2D92C316-6C80-4C45-8980-1894957EAA49}.Release|Any CPU.Build.0 = Release|Any CPU
		{2D92C316-6C80-4C45-8980-1894957EAA49}.Debug|iPhoneSimulator.ActiveCfg = Debug|Any CPU
		{2D92C316-6C80-4C45-8980-1894957EAA49}.Debug|iPhoneSimulator.Build.0 = Debug|Any CPU
		{2D92C316-6C80-4C45-8980-1894957EAA49}.Release|iPhone.ActiveCfg = Release|Any CPU
		{2D92C316-6C80-4C45-8980-1894957EAA49}.Release|iPhone.Build.0 = Release|Any CPU
		{2D92C316-6C80-4C45-8980-1894957EAA49}.Release|iPhoneSimulator.ActiveCfg = Release|Any CPU
		{2D92C316-6C80-4C45-8980-1894957EAA49}.Release|iPhoneSimulator.Build.0 = Release|Any CPU
		{2D92C316-6C80-4C45-8980-1894957EAA49}.Debug|iPhone.ActiveCfg = Debug|Any CPU
		{2D92C316-6C80-4C45-8980-1894957EAA49}.Debug|iPhone.Build.0 = Debug|Any CPU
		{6CD1E6E7-2796-4E17-B169-86CBDCA9A4AB}.Debug|Any CPU.ActiveCfg = Debug|iPhoneSimulator
		{6CD1E6E7-2796-4E17-B169-86CBDCA9A4AB}.Debug|Any CPU.Build.0 = Debug|iPhoneSimulator
		{6CD1E6E7-2796-4E17-B169-86CBDCA9A4AB}.Release|Any CPU.ActiveCfg = Release|iPhone
		{6CD1E6E7-2796-4E17-B169-86CBDCA9A4AB}.Release|Any CPU.Build.0 = Release|iPhone
		{6CD1E6E7-2796-4E17-B169-86CBDCA9A4AB}.Debug|iPhoneSimulator.ActiveCfg = Debug|iPhoneSimulator
		{6CD1E6E7-2796-4E17-B169-86CBDCA9A4AB}.Debug|iPhoneSimulator.Build.0 = Debug|iPhoneSimulator
		{6CD1E6E7-2796-4E17-B169-86CBDCA9A4AB}.Release|iPhone.ActiveCfg = Release|iPhone
		{6CD1E6E7-2796-4E17-B169-86CBDCA9A4AB}.Release|iPhone.Build.0 = Release|iPhone
		{6CD1E6E7-2796-4E17-B169-86CBDCA9A4AB}.Release|iPhoneSimulator.ActiveCfg = Release|iPhoneSimulator
		{6CD1E6E7-2796-4E17-B169-86CBDCA9A4AB}.Release|iPhoneSimulator.Build.0 = Release|iPhoneSimulator
		{6CD1E6E7-2796-4E17-B169-86CBDCA9A4AB}.Debug|iPhone.ActiveCfg = Debug|iPhone
		{6CD1E6E7-2796-4E17-B169-86CBDCA9A4AB}.Debug|iPhone.Build.0 = Debug|iPhone
		{C66B7FDA-A02A-4B76-873F-115769F26D2A}.Debug|Any CPU.ActiveCfg = Debug|Any CPU
		{C66B7FDA-A02A-4B76-873F-115769F26D2A}.Debug|Any CPU.Build.0 = Debug|Any CPU
		{C66B7FDA-A02A-4B76-873F-115769F26D2A}.Release|Any CPU.ActiveCfg = Release|Any CPU
		{C66B7FDA-A02A-4B76-873F-115769F26D2A}.Release|Any CPU.Build.0 = Release|Any CPU
		{C66B7FDA-A02A-4B76-873F-115769F26D2A}.Debug|iPhoneSimulator.ActiveCfg = Debug|Any CPU
		{C66B7FDA-A02A-4B76-873F-115769F26D2A}.Debug|iPhoneSimulator.Build.0 = Debug|Any CPU
		{C66B7FDA-A02A-4B76-873F-115769F26D2A}.Release|iPhone.ActiveCfg = Release|Any CPU
		{C66B7FDA-A02A-4B76-873F-115769F26D2A}.Release|iPhone.Build.0 = Release|Any CPU
		{C66B7FDA-A02A-4B76-873F-115769F26D2A}.Release|iPhoneSimulator.ActiveCfg = Release|Any CPU
		{C66B7FDA-A02A-4B76-873F-115769F26D2A}.Release|iPhoneSimulator.Build.0 = Release|Any CPU
		{C66B7FDA-A02A-4B76-873F-115769F26D2A}.Debug|iPhone.ActiveCfg = Debug|Any CPU
		{C66B7FDA-A02A-4B76-873F-115769F26D2A}.Debug|iPhone.Build.0 = Debug|Any CPU
	EndGlobalSection
EndGlobal
